
Microsoft Visual Studio Solution File, Format Version 12.00
# Visual Studio 15
VisualStudioVersion = 15.0.26228.9
MinimumVisualStudioVersion = 10.0.40219.1
Project("{2150E333-8FDC-42A3-9474-1A3956D46DE8}") = "Solution Items", "Solution Items", "{8A3BA1CB-445F-459E-9F8C-B3936F0D045B}"
	ProjectSection(SolutionItems) = preProject
		Package.Tortuga.Anchor.msbuild = Package.Tortuga.Anchor.msbuild
		Tortuga.Anchor.nuspec = Tortuga.Anchor.nuspec
		Tortuga.Anchor.ruleset = Tortuga.Anchor.ruleset
	EndProjectSection
EndProject
Project("{2150E333-8FDC-42A3-9474-1A3956D46DE8}") = ".build", ".build", "{6DED3DBC-7D18-435D-B721-23F191E984BF}"
	ProjectSection(SolutionItems) = preProject
		Build.proj = Build.proj
		.build\MSBuild.Community.Tasks.dll = .build\MSBuild.Community.Tasks.dll
		.build\MSBuild.Community.Tasks.targets = .build\MSBuild.Community.Tasks.targets
	EndProjectSection
EndProject
Project("{2150E333-8FDC-42A3-9474-1A3956D46DE8}") = ".nuget", ".nuget", "{CF3290A0-9EC9-487E-9632-87D66685F7D7}"
	ProjectSection(SolutionItems) = preProject
		.nuget\NuGet.Config = .nuget\NuGet.Config
		.nuget\NuGet.exe = .nuget\NuGet.exe
		.nuget\NuGet.targets = .nuget\NuGet.targets
	EndProjectSection
EndProject
Project("{FAE04EC0-301F-11D3-BF4B-00C04F79EFBC}") = "Tortuga.Anchor.source", "Tortuga.Anchor.source\Tortuga.Anchor.source.csproj", "{500B9FB8-546F-4F84-95A7-02F2ACAA2FFD}"
EndProject
Project("{FAE04EC0-301F-11D3-BF4B-00C04F79EFBC}") = "Tests.Tortuga.Anchor.source", "Tests.Tortuga.Anchor.source\Tests.Tortuga.Anchor.source.csproj", "{ABD360C7-14A6-4880-B794-7E40E896F0C4}"
EndProject
Project("{FAE04EC0-301F-11D3-BF4B-00C04F79EFBC}") = "Tortuga.Anchor.net46", "Tortuga.Anchor.net46\Tortuga.Anchor.net46.csproj", "{D85A7865-E499-4352-9F57-F824234815DA}"
EndProject
Project("{FAE04EC0-301F-11D3-BF4B-00C04F79EFBC}") = "Tests.Tortuga.Anchor.net46", "Tests.Tortuga.Anchor.net46\Tests.Tortuga.Anchor.net46.csproj", "{29E4F691-AD40-468C-9D94-DB1C8A87933A}"
EndProject
Project("{FAE04EC0-301F-11D3-BF4B-00C04F79EFBC}") = "DocumentationDocNet", "DocumentationDocNet\DocumentationDocNet.csproj", "{64697C8B-60FD-4EE7-8560-37C4BD58580A}"
EndProject
Project("{9A19103F-16F7-4668-BE54-9A1E7A4F7556}") = "Tortuga.Anchor.netstandard2.0", "Tortuga.Anchor.netstandard2.0\Tortuga.Anchor.netstandard2.0.csproj", "{B9613C93-0AF1-42F0-AE89-B74356F1E273}"
EndProject
Project("{FAE04EC0-301F-11D3-BF4B-00C04F79EFBC}") = "Tests.Tortuga.Anchor.netstandard2.0", "Tests.Tortuga.Anchor.netstandard2.0\Tests.Tortuga.Anchor.netstandard2.0.csproj", "{69307C91-4618-42EA-828B-3813C809A54D}"
EndProject
Global
	GlobalSection(SolutionConfigurationPlatforms) = preSolution
		Debug|Any CPU = Debug|Any CPU
		Debug|ARM = Debug|ARM
		Debug|x64 = Debug|x64
		Debug|x86 = Debug|x86
		Debug-Unchecked|Any CPU = Debug-Unchecked|Any CPU
		Debug-Unchecked|ARM = Debug-Unchecked|ARM
		Debug-Unchecked|x64 = Debug-Unchecked|x64
		Debug-Unchecked|x86 = Debug-Unchecked|x86
		Release|Any CPU = Release|Any CPU
		Release|ARM = Release|ARM
		Release|x64 = Release|x64
		Release|x86 = Release|x86
	EndGlobalSection
	GlobalSection(ProjectConfigurationPlatforms) = postSolution
		{500B9FB8-546F-4F84-95A7-02F2ACAA2FFD}.Debug|Any CPU.ActiveCfg = Debug|Any CPU
		{500B9FB8-546F-4F84-95A7-02F2ACAA2FFD}.Debug|Any CPU.Build.0 = Debug|Any CPU
		{500B9FB8-546F-4F84-95A7-02F2ACAA2FFD}.Debug|ARM.ActiveCfg = Debug|Any CPU
		{500B9FB8-546F-4F84-95A7-02F2ACAA2FFD}.Debug|ARM.Build.0 = Debug|Any CPU
		{500B9FB8-546F-4F84-95A7-02F2ACAA2FFD}.Debug|x64.ActiveCfg = Debug|Any CPU
		{500B9FB8-546F-4F84-95A7-02F2ACAA2FFD}.Debug|x64.Build.0 = Debug|Any CPU
		{500B9FB8-546F-4F84-95A7-02F2ACAA2FFD}.Debug|x86.ActiveCfg = Debug|Any CPU
		{500B9FB8-546F-4F84-95A7-02F2ACAA2FFD}.Debug|x86.Build.0 = Debug|Any CPU
		{500B9FB8-546F-4F84-95A7-02F2ACAA2FFD}.Debug-Unchecked|Any CPU.ActiveCfg = Debug-Unchecked|Any CPU
		{500B9FB8-546F-4F84-95A7-02F2ACAA2FFD}.Debug-Unchecked|Any CPU.Build.0 = Debug-Unchecked|Any CPU
		{500B9FB8-546F-4F84-95A7-02F2ACAA2FFD}.Debug-Unchecked|ARM.ActiveCfg = Debug|Any CPU
		{500B9FB8-546F-4F84-95A7-02F2ACAA2FFD}.Debug-Unchecked|ARM.Build.0 = Debug|Any CPU
		{500B9FB8-546F-4F84-95A7-02F2ACAA2FFD}.Debug-Unchecked|x64.ActiveCfg = Debug|Any CPU
		{500B9FB8-546F-4F84-95A7-02F2ACAA2FFD}.Debug-Unchecked|x64.Build.0 = Debug|Any CPU
		{500B9FB8-546F-4F84-95A7-02F2ACAA2FFD}.Debug-Unchecked|x86.ActiveCfg = Debug|Any CPU
		{500B9FB8-546F-4F84-95A7-02F2ACAA2FFD}.Debug-Unchecked|x86.Build.0 = Debug|Any CPU
		{500B9FB8-546F-4F84-95A7-02F2ACAA2FFD}.Release|Any CPU.ActiveCfg = Release|Any CPU
		{500B9FB8-546F-4F84-95A7-02F2ACAA2FFD}.Release|Any CPU.Build.0 = Release|Any CPU
		{500B9FB8-546F-4F84-95A7-02F2ACAA2FFD}.Release|ARM.ActiveCfg = Release|Any CPU
		{500B9FB8-546F-4F84-95A7-02F2ACAA2FFD}.Release|ARM.Build.0 = Release|Any CPU
		{500B9FB8-546F-4F84-95A7-02F2ACAA2FFD}.Release|x64.ActiveCfg = Release|Any CPU
		{500B9FB8-546F-4F84-95A7-02F2ACAA2FFD}.Release|x64.Build.0 = Release|Any CPU
		{500B9FB8-546F-4F84-95A7-02F2ACAA2FFD}.Release|x86.ActiveCfg = Release|Any CPU
		{500B9FB8-546F-4F84-95A7-02F2ACAA2FFD}.Release|x86.Build.0 = Release|Any CPU
		{ABD360C7-14A6-4880-B794-7E40E896F0C4}.Debug|Any CPU.ActiveCfg = Debug|Any CPU
		{ABD360C7-14A6-4880-B794-7E40E896F0C4}.Debug|Any CPU.Build.0 = Debug|Any CPU
		{ABD360C7-14A6-4880-B794-7E40E896F0C4}.Debug|ARM.ActiveCfg = Debug|Any CPU
		{ABD360C7-14A6-4880-B794-7E40E896F0C4}.Debug|ARM.Build.0 = Debug|Any CPU
		{ABD360C7-14A6-4880-B794-7E40E896F0C4}.Debug|x64.ActiveCfg = Debug|Any CPU
		{ABD360C7-14A6-4880-B794-7E40E896F0C4}.Debug|x64.Build.0 = Debug|Any CPU
		{ABD360C7-14A6-4880-B794-7E40E896F0C4}.Debug|x86.ActiveCfg = Debug|Any CPU
		{ABD360C7-14A6-4880-B794-7E40E896F0C4}.Debug|x86.Build.0 = Debug|Any CPU
		{ABD360C7-14A6-4880-B794-7E40E896F0C4}.Debug-Unchecked|Any CPU.ActiveCfg = Debug-Unchecked|Any CPU
		{ABD360C7-14A6-4880-B794-7E40E896F0C4}.Debug-Unchecked|Any CPU.Build.0 = Debug-Unchecked|Any CPU
		{ABD360C7-14A6-4880-B794-7E40E896F0C4}.Debug-Unchecked|ARM.ActiveCfg = Debug-Unchecked|Any CPU
		{ABD360C7-14A6-4880-B794-7E40E896F0C4}.Debug-Unchecked|ARM.Build.0 = Debug-Unchecked|Any CPU
		{ABD360C7-14A6-4880-B794-7E40E896F0C4}.Debug-Unchecked|x64.ActiveCfg = Debug-Unchecked|Any CPU
		{ABD360C7-14A6-4880-B794-7E40E896F0C4}.Debug-Unchecked|x64.Build.0 = Debug-Unchecked|Any CPU
		{ABD360C7-14A6-4880-B794-7E40E896F0C4}.Debug-Unchecked|x86.ActiveCfg = Debug-Unchecked|Any CPU
		{ABD360C7-14A6-4880-B794-7E40E896F0C4}.Debug-Unchecked|x86.Build.0 = Debug-Unchecked|Any CPU
		{ABD360C7-14A6-4880-B794-7E40E896F0C4}.Release|Any CPU.ActiveCfg = Release|Any CPU
		{ABD360C7-14A6-4880-B794-7E40E896F0C4}.Release|Any CPU.Build.0 = Release|Any CPU
		{ABD360C7-14A6-4880-B794-7E40E896F0C4}.Release|ARM.ActiveCfg = Release|Any CPU
		{ABD360C7-14A6-4880-B794-7E40E896F0C4}.Release|ARM.Build.0 = Release|Any CPU
		{ABD360C7-14A6-4880-B794-7E40E896F0C4}.Release|x64.ActiveCfg = Release|Any CPU
		{ABD360C7-14A6-4880-B794-7E40E896F0C4}.Release|x64.Build.0 = Release|Any CPU
		{ABD360C7-14A6-4880-B794-7E40E896F0C4}.Release|x86.ActiveCfg = Release|Any CPU
		{ABD360C7-14A6-4880-B794-7E40E896F0C4}.Release|x86.Build.0 = Release|Any CPU
		{D85A7865-E499-4352-9F57-F824234815DA}.Debug|Any CPU.ActiveCfg = Debug|Any CPU
		{D85A7865-E499-4352-9F57-F824234815DA}.Debug|Any CPU.Build.0 = Debug|Any CPU
		{D85A7865-E499-4352-9F57-F824234815DA}.Debug|ARM.ActiveCfg = Debug|Any CPU
		{D85A7865-E499-4352-9F57-F824234815DA}.Debug|ARM.Build.0 = Debug|Any CPU
		{D85A7865-E499-4352-9F57-F824234815DA}.Debug|x64.ActiveCfg = Debug|Any CPU
		{D85A7865-E499-4352-9F57-F824234815DA}.Debug|x64.Build.0 = Debug|Any CPU
		{D85A7865-E499-4352-9F57-F824234815DA}.Debug|x86.ActiveCfg = Debug|Any CPU
		{D85A7865-E499-4352-9F57-F824234815DA}.Debug|x86.Build.0 = Debug|Any CPU
		{D85A7865-E499-4352-9F57-F824234815DA}.Debug-Unchecked|Any CPU.ActiveCfg = Debug-Unchecked|Any CPU
		{D85A7865-E499-4352-9F57-F824234815DA}.Debug-Unchecked|Any CPU.Build.0 = Debug-Unchecked|Any CPU
		{D85A7865-E499-4352-9F57-F824234815DA}.Debug-Unchecked|ARM.ActiveCfg = Debug-Unchecked|Any CPU
		{D85A7865-E499-4352-9F57-F824234815DA}.Debug-Unchecked|ARM.Build.0 = Debug-Unchecked|Any CPU
		{D85A7865-E499-4352-9F57-F824234815DA}.Debug-Unchecked|x64.ActiveCfg = Debug-Unchecked|Any CPU
		{D85A7865-E499-4352-9F57-F824234815DA}.Debug-Unchecked|x64.Build.0 = Debug-Unchecked|Any CPU
		{D85A7865-E499-4352-9F57-F824234815DA}.Debug-Unchecked|x86.ActiveCfg = Debug-Unchecked|Any CPU
		{D85A7865-E499-4352-9F57-F824234815DA}.Debug-Unchecked|x86.Build.0 = Debug-Unchecked|Any CPU
		{D85A7865-E499-4352-9F57-F824234815DA}.Release|Any CPU.ActiveCfg = Release|Any CPU
		{D85A7865-E499-4352-9F57-F824234815DA}.Release|Any CPU.Build.0 = Release|Any CPU
		{D85A7865-E499-4352-9F57-F824234815DA}.Release|ARM.ActiveCfg = Release|Any CPU
		{D85A7865-E499-4352-9F57-F824234815DA}.Release|ARM.Build.0 = Release|Any CPU
		{D85A7865-E499-4352-9F57-F824234815DA}.Release|x64.ActiveCfg = Release|Any CPU
		{D85A7865-E499-4352-9F57-F824234815DA}.Release|x64.Build.0 = Release|Any CPU
		{D85A7865-E499-4352-9F57-F824234815DA}.Release|x86.ActiveCfg = Release|Any CPU
		{D85A7865-E499-4352-9F57-F824234815DA}.Release|x86.Build.0 = Release|Any CPU
		{29E4F691-AD40-468C-9D94-DB1C8A87933A}.Debug|Any CPU.ActiveCfg = Debug|Any CPU
		{29E4F691-AD40-468C-9D94-DB1C8A87933A}.Debug|Any CPU.Build.0 = Debug|Any CPU
		{29E4F691-AD40-468C-9D94-DB1C8A87933A}.Debug|ARM.ActiveCfg = Debug|Any CPU
		{29E4F691-AD40-468C-9D94-DB1C8A87933A}.Debug|ARM.Build.0 = Debug|Any CPU
		{29E4F691-AD40-468C-9D94-DB1C8A87933A}.Debug|x64.ActiveCfg = Debug|Any CPU
		{29E4F691-AD40-468C-9D94-DB1C8A87933A}.Debug|x64.Build.0 = Debug|Any CPU
		{29E4F691-AD40-468C-9D94-DB1C8A87933A}.Debug|x86.ActiveCfg = Debug|Any CPU
		{29E4F691-AD40-468C-9D94-DB1C8A87933A}.Debug|x86.Build.0 = Debug|Any CPU
		{29E4F691-AD40-468C-9D94-DB1C8A87933A}.Debug-Unchecked|Any CPU.ActiveCfg = Debug-Unchecked|Any CPU
		{29E4F691-AD40-468C-9D94-DB1C8A87933A}.Debug-Unchecked|Any CPU.Build.0 = Debug-Unchecked|Any CPU
		{29E4F691-AD40-468C-9D94-DB1C8A87933A}.Debug-Unchecked|ARM.ActiveCfg = Debug|Any CPU
		{29E4F691-AD40-468C-9D94-DB1C8A87933A}.Debug-Unchecked|ARM.Build.0 = Debug|Any CPU
		{29E4F691-AD40-468C-9D94-DB1C8A87933A}.Debug-Unchecked|x64.ActiveCfg = Debug|Any CPU
		{29E4F691-AD40-468C-9D94-DB1C8A87933A}.Debug-Unchecked|x64.Build.0 = Debug|Any CPU
		{29E4F691-AD40-468C-9D94-DB1C8A87933A}.Debug-Unchecked|x86.ActiveCfg = Debug|Any CPU
		{29E4F691-AD40-468C-9D94-DB1C8A87933A}.Debug-Unchecked|x86.Build.0 = Debug|Any CPU
		{29E4F691-AD40-468C-9D94-DB1C8A87933A}.Release|Any CPU.ActiveCfg = Release|Any CPU
		{29E4F691-AD40-468C-9D94-DB1C8A87933A}.Release|Any CPU.Build.0 = Release|Any CPU
		{29E4F691-AD40-468C-9D94-DB1C8A87933A}.Release|ARM.ActiveCfg = Release|Any CPU
		{29E4F691-AD40-468C-9D94-DB1C8A87933A}.Release|ARM.Build.0 = Release|Any CPU
		{29E4F691-AD40-468C-9D94-DB1C8A87933A}.Release|x64.ActiveCfg = Release|Any CPU
		{29E4F691-AD40-468C-9D94-DB1C8A87933A}.Release|x64.Build.0 = Release|Any CPU
		{29E4F691-AD40-468C-9D94-DB1C8A87933A}.Release|x86.ActiveCfg = Release|Any CPU
		{29E4F691-AD40-468C-9D94-DB1C8A87933A}.Release|x86.Build.0 = Release|Any CPU
		{64697C8B-60FD-4EE7-8560-37C4BD58580A}.Debug|Any CPU.ActiveCfg = Debug|Any CPU
		{64697C8B-60FD-4EE7-8560-37C4BD58580A}.Debug|Any CPU.Build.0 = Debug|Any CPU
		{64697C8B-60FD-4EE7-8560-37C4BD58580A}.Debug|ARM.ActiveCfg = Debug|Any CPU
		{64697C8B-60FD-4EE7-8560-37C4BD58580A}.Debug|ARM.Build.0 = Debug|Any CPU
		{64697C8B-60FD-4EE7-8560-37C4BD58580A}.Debug|x64.ActiveCfg = Debug|Any CPU
		{64697C8B-60FD-4EE7-8560-37C4BD58580A}.Debug|x64.Build.0 = Debug|Any CPU
		{64697C8B-60FD-4EE7-8560-37C4BD58580A}.Debug|x86.ActiveCfg = Debug|Any CPU
		{64697C8B-60FD-4EE7-8560-37C4BD58580A}.Debug|x86.Build.0 = Debug|Any CPU
		{64697C8B-60FD-4EE7-8560-37C4BD58580A}.Debug-Unchecked|Any CPU.ActiveCfg = Debug|Any CPU
		{64697C8B-60FD-4EE7-8560-37C4BD58580A}.Debug-Unchecked|Any CPU.Build.0 = Debug|Any CPU
		{64697C8B-60FD-4EE7-8560-37C4BD58580A}.Debug-Unchecked|ARM.ActiveCfg = Debug|Any CPU
		{64697C8B-60FD-4EE7-8560-37C4BD58580A}.Debug-Unchecked|ARM.Build.0 = Debug|Any CPU
		{64697C8B-60FD-4EE7-8560-37C4BD58580A}.Debug-Unchecked|x64.ActiveCfg = Debug|Any CPU
		{64697C8B-60FD-4EE7-8560-37C4BD58580A}.Debug-Unchecked|x64.Build.0 = Debug|Any CPU
		{64697C8B-60FD-4EE7-8560-37C4BD58580A}.Debug-Unchecked|x86.ActiveCfg = Debug|Any CPU
		{64697C8B-60FD-4EE7-8560-37C4BD58580A}.Debug-Unchecked|x86.Build.0 = Debug|Any CPU
		{64697C8B-60FD-4EE7-8560-37C4BD58580A}.Release|Any CPU.ActiveCfg = Release|Any CPU
		{64697C8B-60FD-4EE7-8560-37C4BD58580A}.Release|Any CPU.Build.0 = Release|Any CPU
		{64697C8B-60FD-4EE7-8560-37C4BD58580A}.Release|ARM.ActiveCfg = Release|Any CPU
		{64697C8B-60FD-4EE7-8560-37C4BD58580A}.Release|ARM.Build.0 = Release|Any CPU
		{64697C8B-60FD-4EE7-8560-37C4BD58580A}.Release|x64.ActiveCfg = Release|Any CPU
		{64697C8B-60FD-4EE7-8560-37C4BD58580A}.Release|x64.Build.0 = Release|Any CPU
		{64697C8B-60FD-4EE7-8560-37C4BD58580A}.Release|x86.ActiveCfg = Release|Any CPU
		{64697C8B-60FD-4EE7-8560-37C4BD58580A}.Release|x86.Build.0 = Release|Any CPU
		{B9613C93-0AF1-42F0-AE89-B74356F1E273}.Debug|Any CPU.ActiveCfg = Debug|Any CPU
		{B9613C93-0AF1-42F0-AE89-B74356F1E273}.Debug|Any CPU.Build.0 = Debug|Any CPU
		{B9613C93-0AF1-42F0-AE89-B74356F1E273}.Debug|ARM.ActiveCfg = Debug|Any CPU
		{B9613C93-0AF1-42F0-AE89-B74356F1E273}.Debug|ARM.Build.0 = Debug|Any CPU
		{B9613C93-0AF1-42F0-AE89-B74356F1E273}.Debug|x64.ActiveCfg = Debug|Any CPU
		{B9613C93-0AF1-42F0-AE89-B74356F1E273}.Debug|x64.Build.0 = Debug|Any CPU
		{B9613C93-0AF1-42F0-AE89-B74356F1E273}.Debug|x86.ActiveCfg = Debug|Any CPU
		{B9613C93-0AF1-42F0-AE89-B74356F1E273}.Debug|x86.Build.0 = Debug|Any CPU
		{B9613C93-0AF1-42F0-AE89-B74356F1E273}.Debug-Unchecked|Any CPU.ActiveCfg = Debug|Any CPU
		{B9613C93-0AF1-42F0-AE89-B74356F1E273}.Debug-Unchecked|Any CPU.Build.0 = Debug|Any CPU
		{B9613C93-0AF1-42F0-AE89-B74356F1E273}.Debug-Unchecked|ARM.ActiveCfg = Debug|Any CPU
		{B9613C93-0AF1-42F0-AE89-B74356F1E273}.Debug-Unchecked|ARM.Build.0 = Debug|Any CPU
		{B9613C93-0AF1-42F0-AE89-B74356F1E273}.Debug-Unchecked|x64.ActiveCfg = Debug|Any CPU
		{B9613C93-0AF1-42F0-AE89-B74356F1E273}.Debug-Unchecked|x64.Build.0 = Debug|Any CPU
		{B9613C93-0AF1-42F0-AE89-B74356F1E273}.Debug-Unchecked|x86.ActiveCfg = Debug|Any CPU
		{B9613C93-0AF1-42F0-AE89-B74356F1E273}.Debug-Unchecked|x86.Build.0 = Debug|Any CPU
		{B9613C93-0AF1-42F0-AE89-B74356F1E273}.Release|Any CPU.ActiveCfg = Release|Any CPU
		{B9613C93-0AF1-42F0-AE89-B74356F1E273}.Release|Any CPU.Build.0 = Release|Any CPU
		{B9613C93-0AF1-42F0-AE89-B74356F1E273}.Release|ARM.ActiveCfg = Release|Any CPU
		{B9613C93-0AF1-42F0-AE89-B74356F1E273}.Release|ARM.Build.0 = Release|Any CPU
		{B9613C93-0AF1-42F0-AE89-B74356F1E273}.Release|x64.ActiveCfg = Release|Any CPU
		{B9613C93-0AF1-42F0-AE89-B74356F1E273}.Release|x64.Build.0 = Release|Any CPU
		{B9613C93-0AF1-42F0-AE89-B74356F1E273}.Release|x86.ActiveCfg = Release|Any CPU
		{B9613C93-0AF1-42F0-AE89-B74356F1E273}.Release|x86.Build.0 = Release|Any CPU
		{69307C91-4618-42EA-828B-3813C809A54D}.Debug|Any CPU.ActiveCfg = Debug|Any CPU
		{69307C91-4618-42EA-828B-3813C809A54D}.Debug|Any CPU.Build.0 = Debug|Any CPU
		{69307C91-4618-42EA-828B-3813C809A54D}.Debug|ARM.ActiveCfg = Debug|Any CPU
		{69307C91-4618-42EA-828B-3813C809A54D}.Debug|ARM.Build.0 = Debug|Any CPU
		{69307C91-4618-42EA-828B-3813C809A54D}.Debug|x64.ActiveCfg = Debug|Any CPU
		{69307C91-4618-42EA-828B-3813C809A54D}.Debug|x64.Build.0 = Debug|Any CPU
		{69307C91-4618-42EA-828B-3813C809A54D}.Debug|x86.ActiveCfg = Debug|Any CPU
		{69307C91-4618-42EA-828B-3813C809A54D}.Debug|x86.Build.0 = Debug|Any CPU
		{69307C91-4618-42EA-828B-3813C809A54D}.Debug-Unchecked|Any CPU.ActiveCfg = Debug|Any CPU
		{69307C91-4618-42EA-828B-3813C809A54D}.Debug-Unchecked|Any CPU.Build.0 = Debug|Any CPU
		{69307C91-4618-42EA-828B-3813C809A54D}.Debug-Unchecked|ARM.ActiveCfg = Debug|Any CPU
		{69307C91-4618-42EA-828B-3813C809A54D}.Debug-Unchecked|ARM.Build.0 = Debug|Any CPU
		{69307C91-4618-42EA-828B-3813C809A54D}.Debug-Unchecked|x64.ActiveCfg = Debug|Any CPU
		{69307C91-4618-42EA-828B-3813C809A54D}.Debug-Unchecked|x64.Build.0 = Debug|Any CPU
		{69307C91-4618-42EA-828B-3813C809A54D}.Debug-Unchecked|x86.ActiveCfg = Debug|Any CPU
		{69307C91-4618-42EA-828B-3813C809A54D}.Debug-Unchecked|x86.Build.0 = Debug|Any CPU
		{69307C91-4618-42EA-828B-3813C809A54D}.Release|Any CPU.ActiveCfg = Release|Any CPU
		{69307C91-4618-42EA-828B-3813C809A54D}.Release|Any CPU.Build.0 = Release|Any CPU
		{69307C91-4618-42EA-828B-3813C809A54D}.Release|ARM.ActiveCfg = Release|Any CPU
		{69307C91-4618-42EA-828B-3813C809A54D}.Release|ARM.Build.0 = Release|Any CPU
		{69307C91-4618-42EA-828B-3813C809A54D}.Release|x64.ActiveCfg = Release|Any CPU
		{69307C91-4618-42EA-828B-3813C809A54D}.Release|x64.Build.0 = Release|Any CPU
		{69307C91-4618-42EA-828B-3813C809A54D}.Release|x86.ActiveCfg = Release|Any CPU
		{69307C91-4618-42EA-828B-3813C809A54D}.Release|x86.Build.0 = Release|Any CPU
	EndGlobalSection
	GlobalSection(SolutionProperties) = preSolution
		HideSolutionNode = FALSE
	EndGlobalSection
	GlobalSection(ExtensibilityGlobals) = postSolution
		SolutionGuid = {28519336-8195-42B2-ADFE-1358A96DCE35}
	EndGlobalSection
EndGlobal
