
Microsoft Visual Studio Solution File, Format Version 12.00
# Visual Studio 14
VisualStudioVersion = 14.0.24720.0
MinimumVisualStudioVersion = 10.0.40219.1
Project("{FAE04EC0-301F-11D3-BF4B-00C04F79EFBC}") = "Tortuga.Anchor.net461", "Tortuga.Anchor.net461\Tortuga.Anchor.net461.csproj", "{D85A7865-E499-4352-9F57-F824234815DA}"
EndProject
Project("{2150E333-8FDC-42A3-9474-1A3956D46DE8}") = "Solution Items", "Solution Items", "{8A3BA1CB-445F-459E-9F8C-B3936F0D045B}"
	ProjectSection(SolutionItems) = preProject
		Package.msbuild = Package.msbuild
		Tortuga.Anchor.nuspec = Tortuga.Anchor.nuspec
		Tortuga.Anchor.ruleset = Tortuga.Anchor.ruleset
	EndProjectSection
EndProject
Project("{2150E333-8FDC-42A3-9474-1A3956D46DE8}") = ".build", ".build", "{6DED3DBC-7D18-435D-B721-23F191E984BF}"
	ProjectSection(SolutionItems) = preProject
		Build.proj = Build.proj
		.build\MSBuild.Community.Tasks.dll = .build\MSBuild.Community.Tasks.dll
		.build\MSBuild.Community.Tasks.targets = .build\MSBuild.Community.Tasks.targets
	EndProjectSection
EndProject
Project("{2150E333-8FDC-42A3-9474-1A3956D46DE8}") = ".nuget", ".nuget", "{CF3290A0-9EC9-487E-9632-87D66685F7D7}"
	ProjectSection(SolutionItems) = preProject
		.nuget\NuGet.Config = .nuget\NuGet.Config
		.nuget\NuGet.exe = .nuget\NuGet.exe
		.nuget\NuGet.targets = .nuget\NuGet.targets
	EndProjectSection
EndProject
Project("{FAE04EC0-301F-11D3-BF4B-00C04F79EFBC}") = "Tests.Tortuga.Anchor.net461", "Tests.Tortuga.Anchor.net461\Tests.Tortuga.Anchor.net461.csproj", "{ABD360C7-14A6-4880-B794-7E40E896F0C4}"
EndProject
Project("{FAE04EC0-301F-11D3-BF4B-00C04F79EFBC}") = "Tortuga.Anchor.uap10", "Tortuga.Anchor.uap10\Tortuga.Anchor.uap10.csproj", "{78063865-2271-4829-BBC6-8DCF9F10A3FF}"
EndProject
Project("{FAE04EC0-301F-11D3-BF4B-00C04F79EFBC}") = "Tests.Tortuga.Anchor.uap10", "Tests.Tortuga.Anchor.uap10\Tests.Tortuga.Anchor.uap10.csproj", "{88645E10-3434-430C-8638-E5C4A0831FD2}"
EndProject
Project("{FAE04EC0-301F-11D3-BF4B-00C04F79EFBC}") = "PackageTest.Tortuga.Anchor.uap10", "PackageTest.Tortuga.Anchor.uap10\PackageTest.Tortuga.Anchor.uap10.csproj", "{09597E3D-C24F-44AA-AE11-5966AF624941}"
EndProject
Project("{FAE04EC0-301F-11D3-BF4B-00C04F79EFBC}") = "PackageTest.Tortuga.Anchor.net461", "PackageTest.Tortuga.Anchor.net461\PackageTest.Tortuga.Anchor.net461.csproj", "{34723FFA-7EE0-4FFB-ABE1-D9706F9FF54F}"
EndProject
Global
	GlobalSection(SolutionConfigurationPlatforms) = preSolution
		Debug|Any CPU = Debug|Any CPU
		Debug|ARM = Debug|ARM
		Debug|x64 = Debug|x64
		Debug|x86 = Debug|x86
		Debug-Unchecked|Any CPU = Debug-Unchecked|Any CPU
		Debug-Unchecked|ARM = Debug-Unchecked|ARM
		Debug-Unchecked|x64 = Debug-Unchecked|x64
		Debug-Unchecked|x86 = Debug-Unchecked|x86
		Release|Any CPU = Release|Any CPU
		Release|ARM = Release|ARM
		Release|x64 = Release|x64
		Release|x86 = Release|x86
	EndGlobalSection
	GlobalSection(ProjectConfigurationPlatforms) = postSolution
		{D85A7865-E499-4352-9F57-F824234815DA}.Debug|Any CPU.ActiveCfg = Debug|Any CPU
		{D85A7865-E499-4352-9F57-F824234815DA}.Debug|Any CPU.Build.0 = Debug|Any CPU
		{D85A7865-E499-4352-9F57-F824234815DA}.Debug|ARM.ActiveCfg = Debug|Any CPU
		{D85A7865-E499-4352-9F57-F824234815DA}.Debug|ARM.Build.0 = Debug|Any CPU
		{D85A7865-E499-4352-9F57-F824234815DA}.Debug|x64.ActiveCfg = Debug|Any CPU
		{D85A7865-E499-4352-9F57-F824234815DA}.Debug|x64.Build.0 = Debug|Any CPU
		{D85A7865-E499-4352-9F57-F824234815DA}.Debug|x86.ActiveCfg = Debug|Any CPU
		{D85A7865-E499-4352-9F57-F824234815DA}.Debug|x86.Build.0 = Debug|Any CPU
		{D85A7865-E499-4352-9F57-F824234815DA}.Debug-Unchecked|Any CPU.ActiveCfg = Debug-Unchecked|Any CPU
		{D85A7865-E499-4352-9F57-F824234815DA}.Debug-Unchecked|Any CPU.Build.0 = Debug-Unchecked|Any CPU
		{D85A7865-E499-4352-9F57-F824234815DA}.Debug-Unchecked|ARM.ActiveCfg = Debug-Unchecked|Any CPU
		{D85A7865-E499-4352-9F57-F824234815DA}.Debug-Unchecked|ARM.Build.0 = Debug-Unchecked|Any CPU
		{D85A7865-E499-4352-9F57-F824234815DA}.Debug-Unchecked|x64.ActiveCfg = Debug-Unchecked|Any CPU
		{D85A7865-E499-4352-9F57-F824234815DA}.Debug-Unchecked|x64.Build.0 = Debug-Unchecked|Any CPU
		{D85A7865-E499-4352-9F57-F824234815DA}.Debug-Unchecked|x86.ActiveCfg = Debug-Unchecked|Any CPU
		{D85A7865-E499-4352-9F57-F824234815DA}.Debug-Unchecked|x86.Build.0 = Debug-Unchecked|Any CPU
		{D85A7865-E499-4352-9F57-F824234815DA}.Release|Any CPU.ActiveCfg = Release|Any CPU
		{D85A7865-E499-4352-9F57-F824234815DA}.Release|Any CPU.Build.0 = Release|Any CPU
		{D85A7865-E499-4352-9F57-F824234815DA}.Release|ARM.ActiveCfg = Release|Any CPU
		{D85A7865-E499-4352-9F57-F824234815DA}.Release|ARM.Build.0 = Release|Any CPU
		{D85A7865-E499-4352-9F57-F824234815DA}.Release|x64.ActiveCfg = Release|Any CPU
		{D85A7865-E499-4352-9F57-F824234815DA}.Release|x64.Build.0 = Release|Any CPU
		{D85A7865-E499-4352-9F57-F824234815DA}.Release|x86.ActiveCfg = Release|Any CPU
		{D85A7865-E499-4352-9F57-F824234815DA}.Release|x86.Build.0 = Release|Any CPU
		{ABD360C7-14A6-4880-B794-7E40E896F0C4}.Debug|Any CPU.ActiveCfg = Debug|Any CPU
		{ABD360C7-14A6-4880-B794-7E40E896F0C4}.Debug|Any CPU.Build.0 = Debug|Any CPU
		{ABD360C7-14A6-4880-B794-7E40E896F0C4}.Debug|ARM.ActiveCfg = Debug|Any CPU
		{ABD360C7-14A6-4880-B794-7E40E896F0C4}.Debug|ARM.Build.0 = Debug|Any CPU
		{ABD360C7-14A6-4880-B794-7E40E896F0C4}.Debug|x64.ActiveCfg = Debug|Any CPU
		{ABD360C7-14A6-4880-B794-7E40E896F0C4}.Debug|x64.Build.0 = Debug|Any CPU
		{ABD360C7-14A6-4880-B794-7E40E896F0C4}.Debug|x86.ActiveCfg = Debug|Any CPU
		{ABD360C7-14A6-4880-B794-7E40E896F0C4}.Debug|x86.Build.0 = Debug|Any CPU
		{ABD360C7-14A6-4880-B794-7E40E896F0C4}.Debug-Unchecked|Any CPU.ActiveCfg = Debug-Unchecked|Any CPU
		{ABD360C7-14A6-4880-B794-7E40E896F0C4}.Debug-Unchecked|Any CPU.Build.0 = Debug-Unchecked|Any CPU
		{ABD360C7-14A6-4880-B794-7E40E896F0C4}.Debug-Unchecked|ARM.ActiveCfg = Debug-Unchecked|Any CPU
		{ABD360C7-14A6-4880-B794-7E40E896F0C4}.Debug-Unchecked|ARM.Build.0 = Debug-Unchecked|Any CPU
		{ABD360C7-14A6-4880-B794-7E40E896F0C4}.Debug-Unchecked|x64.ActiveCfg = Debug-Unchecked|Any CPU
		{ABD360C7-14A6-4880-B794-7E40E896F0C4}.Debug-Unchecked|x64.Build.0 = Debug-Unchecked|Any CPU
		{ABD360C7-14A6-4880-B794-7E40E896F0C4}.Debug-Unchecked|x86.ActiveCfg = Debug-Unchecked|Any CPU
		{ABD360C7-14A6-4880-B794-7E40E896F0C4}.Debug-Unchecked|x86.Build.0 = Debug-Unchecked|Any CPU
		{ABD360C7-14A6-4880-B794-7E40E896F0C4}.Release|Any CPU.ActiveCfg = Release|Any CPU
		{ABD360C7-14A6-4880-B794-7E40E896F0C4}.Release|Any CPU.Build.0 = Release|Any CPU
		{ABD360C7-14A6-4880-B794-7E40E896F0C4}.Release|ARM.ActiveCfg = Release|Any CPU
		{ABD360C7-14A6-4880-B794-7E40E896F0C4}.Release|ARM.Build.0 = Release|Any CPU
		{ABD360C7-14A6-4880-B794-7E40E896F0C4}.Release|x64.ActiveCfg = Release|Any CPU
		{ABD360C7-14A6-4880-B794-7E40E896F0C4}.Release|x64.Build.0 = Release|Any CPU
		{ABD360C7-14A6-4880-B794-7E40E896F0C4}.Release|x86.ActiveCfg = Release|Any CPU
		{ABD360C7-14A6-4880-B794-7E40E896F0C4}.Release|x86.Build.0 = Release|Any CPU
		{78063865-2271-4829-BBC6-8DCF9F10A3FF}.Debug|Any CPU.ActiveCfg = Debug|Any CPU
		{78063865-2271-4829-BBC6-8DCF9F10A3FF}.Debug|Any CPU.Build.0 = Debug|Any CPU
		{78063865-2271-4829-BBC6-8DCF9F10A3FF}.Debug|ARM.ActiveCfg = Debug|ARM
		{78063865-2271-4829-BBC6-8DCF9F10A3FF}.Debug|ARM.Build.0 = Debug|ARM
		{78063865-2271-4829-BBC6-8DCF9F10A3FF}.Debug|x64.ActiveCfg = Debug|x64
		{78063865-2271-4829-BBC6-8DCF9F10A3FF}.Debug|x64.Build.0 = Debug|x64
		{78063865-2271-4829-BBC6-8DCF9F10A3FF}.Debug|x86.ActiveCfg = Debug|x86
		{78063865-2271-4829-BBC6-8DCF9F10A3FF}.Debug|x86.Build.0 = Debug|x86
		{78063865-2271-4829-BBC6-8DCF9F10A3FF}.Debug-Unchecked|Any CPU.ActiveCfg = Debug-Unchecked|Any CPU
		{78063865-2271-4829-BBC6-8DCF9F10A3FF}.Debug-Unchecked|Any CPU.Build.0 = Debug-Unchecked|Any CPU
		{78063865-2271-4829-BBC6-8DCF9F10A3FF}.Debug-Unchecked|ARM.ActiveCfg = Debug|ARM
		{78063865-2271-4829-BBC6-8DCF9F10A3FF}.Debug-Unchecked|ARM.Build.0 = Debug|ARM
		{78063865-2271-4829-BBC6-8DCF9F10A3FF}.Debug-Unchecked|x64.ActiveCfg = Debug|x64
		{78063865-2271-4829-BBC6-8DCF9F10A3FF}.Debug-Unchecked|x64.Build.0 = Debug|x64
		{78063865-2271-4829-BBC6-8DCF9F10A3FF}.Debug-Unchecked|x86.ActiveCfg = Debug|x86
		{78063865-2271-4829-BBC6-8DCF9F10A3FF}.Debug-Unchecked|x86.Build.0 = Debug|x86
		{78063865-2271-4829-BBC6-8DCF9F10A3FF}.Release|Any CPU.ActiveCfg = Release|Any CPU
		{78063865-2271-4829-BBC6-8DCF9F10A3FF}.Release|Any CPU.Build.0 = Release|Any CPU
		{78063865-2271-4829-BBC6-8DCF9F10A3FF}.Release|ARM.ActiveCfg = Release|ARM
		{78063865-2271-4829-BBC6-8DCF9F10A3FF}.Release|ARM.Build.0 = Release|ARM
		{78063865-2271-4829-BBC6-8DCF9F10A3FF}.Release|x64.ActiveCfg = Release|x64
		{78063865-2271-4829-BBC6-8DCF9F10A3FF}.Release|x64.Build.0 = Release|x64
		{78063865-2271-4829-BBC6-8DCF9F10A3FF}.Release|x86.ActiveCfg = Release|x86
		{78063865-2271-4829-BBC6-8DCF9F10A3FF}.Release|x86.Build.0 = Release|x86
		{88645E10-3434-430C-8638-E5C4A0831FD2}.Debug|Any CPU.ActiveCfg = Debug|x86
		{88645E10-3434-430C-8638-E5C4A0831FD2}.Debug|Any CPU.Build.0 = Debug|x86
		{88645E10-3434-430C-8638-E5C4A0831FD2}.Debug|ARM.ActiveCfg = Debug|ARM
		{88645E10-3434-430C-8638-E5C4A0831FD2}.Debug|ARM.Build.0 = Debug|ARM
		{88645E10-3434-430C-8638-E5C4A0831FD2}.Debug|ARM.Deploy.0 = Debug|ARM
		{88645E10-3434-430C-8638-E5C4A0831FD2}.Debug|x64.ActiveCfg = Debug|x64
		{88645E10-3434-430C-8638-E5C4A0831FD2}.Debug|x64.Build.0 = Debug|x64
		{88645E10-3434-430C-8638-E5C4A0831FD2}.Debug|x64.Deploy.0 = Debug|x64
		{88645E10-3434-430C-8638-E5C4A0831FD2}.Debug|x86.ActiveCfg = Debug|x86
		{88645E10-3434-430C-8638-E5C4A0831FD2}.Debug|x86.Build.0 = Debug|x86
		{88645E10-3434-430C-8638-E5C4A0831FD2}.Debug|x86.Deploy.0 = Debug|x86
		{88645E10-3434-430C-8638-E5C4A0831FD2}.Debug-Unchecked|Any CPU.ActiveCfg = Debug-Unchecked|x64
		{88645E10-3434-430C-8638-E5C4A0831FD2}.Debug-Unchecked|Any CPU.Build.0 = Debug-Unchecked|x64
		{88645E10-3434-430C-8638-E5C4A0831FD2}.Debug-Unchecked|ARM.ActiveCfg = Debug|ARM
		{88645E10-3434-430C-8638-E5C4A0831FD2}.Debug-Unchecked|ARM.Build.0 = Debug|ARM
		{88645E10-3434-430C-8638-E5C4A0831FD2}.Debug-Unchecked|ARM.Deploy.0 = Debug|ARM
		{88645E10-3434-430C-8638-E5C4A0831FD2}.Debug-Unchecked|x64.ActiveCfg = Debug|x64
		{88645E10-3434-430C-8638-E5C4A0831FD2}.Debug-Unchecked|x64.Build.0 = Debug|x64
		{88645E10-3434-430C-8638-E5C4A0831FD2}.Debug-Unchecked|x64.Deploy.0 = Debug|x64
		{88645E10-3434-430C-8638-E5C4A0831FD2}.Debug-Unchecked|x86.ActiveCfg = Debug|x86
		{88645E10-3434-430C-8638-E5C4A0831FD2}.Debug-Unchecked|x86.Build.0 = Debug|x86
		{88645E10-3434-430C-8638-E5C4A0831FD2}.Debug-Unchecked|x86.Deploy.0 = Debug|x86
		{88645E10-3434-430C-8638-E5C4A0831FD2}.Release|Any CPU.ActiveCfg = Release|x86
		{88645E10-3434-430C-8638-E5C4A0831FD2}.Release|Any CPU.Build.0 = Release|x86
		{88645E10-3434-430C-8638-E5C4A0831FD2}.Release|ARM.ActiveCfg = Release|ARM
		{88645E10-3434-430C-8638-E5C4A0831FD2}.Release|ARM.Build.0 = Release|ARM
		{88645E10-3434-430C-8638-E5C4A0831FD2}.Release|ARM.Deploy.0 = Release|ARM
		{88645E10-3434-430C-8638-E5C4A0831FD2}.Release|x64.ActiveCfg = Release|x64
		{88645E10-3434-430C-8638-E5C4A0831FD2}.Release|x64.Build.0 = Release|x64
		{88645E10-3434-430C-8638-E5C4A0831FD2}.Release|x64.Deploy.0 = Release|x64
		{88645E10-3434-430C-8638-E5C4A0831FD2}.Release|x86.ActiveCfg = Release|x86
		{88645E10-3434-430C-8638-E5C4A0831FD2}.Release|x86.Build.0 = Release|x86
		{88645E10-3434-430C-8638-E5C4A0831FD2}.Release|x86.Deploy.0 = Release|x86
		{09597E3D-C24F-44AA-AE11-5966AF624941}.Debug|Any CPU.ActiveCfg = Debug|x86
		{09597E3D-C24F-44AA-AE11-5966AF624941}.Debug|ARM.ActiveCfg = Debug|ARM
		{09597E3D-C24F-44AA-AE11-5966AF624941}.Debug|ARM.Build.0 = Debug|ARM
		{09597E3D-C24F-44AA-AE11-5966AF624941}.Debug|ARM.Deploy.0 = Debug|ARM
		{09597E3D-C24F-44AA-AE11-5966AF624941}.Debug|x64.ActiveCfg = Debug|x64
		{09597E3D-C24F-44AA-AE11-5966AF624941}.Debug|x64.Build.0 = Debug|x64
		{09597E3D-C24F-44AA-AE11-5966AF624941}.Debug|x64.Deploy.0 = Debug|x64
		{09597E3D-C24F-44AA-AE11-5966AF624941}.Debug|x86.ActiveCfg = Debug|x86
		{09597E3D-C24F-44AA-AE11-5966AF624941}.Debug|x86.Build.0 = Debug|x86
		{09597E3D-C24F-44AA-AE11-5966AF624941}.Debug|x86.Deploy.0 = Debug|x86
		{09597E3D-C24F-44AA-AE11-5966AF624941}.Debug-Unchecked|Any CPU.ActiveCfg = Release|x64
		{09597E3D-C24F-44AA-AE11-5966AF624941}.Debug-Unchecked|Any CPU.Build.0 = Release|x64
		{09597E3D-C24F-44AA-AE11-5966AF624941}.Debug-Unchecked|Any CPU.Deploy.0 = Release|x64
		{09597E3D-C24F-44AA-AE11-5966AF624941}.Debug-Unchecked|ARM.ActiveCfg = Debug|ARM
		{09597E3D-C24F-44AA-AE11-5966AF624941}.Debug-Unchecked|ARM.Build.0 = Debug|ARM
		{09597E3D-C24F-44AA-AE11-5966AF624941}.Debug-Unchecked|ARM.Deploy.0 = Debug|ARM
		{09597E3D-C24F-44AA-AE11-5966AF624941}.Debug-Unchecked|x64.ActiveCfg = Debug|x64
		{09597E3D-C24F-44AA-AE11-5966AF624941}.Debug-Unchecked|x64.Build.0 = Debug|x64
		{09597E3D-C24F-44AA-AE11-5966AF624941}.Debug-Unchecked|x64.Deploy.0 = Debug|x64
		{09597E3D-C24F-44AA-AE11-5966AF624941}.Debug-Unchecked|x86.ActiveCfg = Debug|x86
		{09597E3D-C24F-44AA-AE11-5966AF624941}.Debug-Unchecked|x86.Build.0 = Debug|x86
		{09597E3D-C24F-44AA-AE11-5966AF624941}.Debug-Unchecked|x86.Deploy.0 = Debug|x86
		{09597E3D-C24F-44AA-AE11-5966AF624941}.Release|Any CPU.ActiveCfg = Release|x86
		{09597E3D-C24F-44AA-AE11-5966AF624941}.Release|ARM.ActiveCfg = Release|ARM
		{09597E3D-C24F-44AA-AE11-5966AF624941}.Release|ARM.Build.0 = Release|ARM
		{09597E3D-C24F-44AA-AE11-5966AF624941}.Release|ARM.Deploy.0 = Release|ARM
		{09597E3D-C24F-44AA-AE11-5966AF624941}.Release|x64.ActiveCfg = Release|x64
		{09597E3D-C24F-44AA-AE11-5966AF624941}.Release|x64.Build.0 = Release|x64
		{09597E3D-C24F-44AA-AE11-5966AF624941}.Release|x64.Deploy.0 = Release|x64
		{09597E3D-C24F-44AA-AE11-5966AF624941}.Release|x86.ActiveCfg = Release|x86
		{09597E3D-C24F-44AA-AE11-5966AF624941}.Release|x86.Build.0 = Release|x86
		{09597E3D-C24F-44AA-AE11-5966AF624941}.Release|x86.Deploy.0 = Release|x86
		{34723FFA-7EE0-4FFB-ABE1-D9706F9FF54F}.Debug|Any CPU.ActiveCfg = Debug|Any CPU
		{34723FFA-7EE0-4FFB-ABE1-D9706F9FF54F}.Debug|Any CPU.Build.0 = Debug|Any CPU
		{34723FFA-7EE0-4FFB-ABE1-D9706F9FF54F}.Debug|ARM.ActiveCfg = Debug|Any CPU
		{34723FFA-7EE0-4FFB-ABE1-D9706F9FF54F}.Debug|ARM.Build.0 = Debug|Any CPU
		{34723FFA-7EE0-4FFB-ABE1-D9706F9FF54F}.Debug|x64.ActiveCfg = Debug|Any CPU
		{34723FFA-7EE0-4FFB-ABE1-D9706F9FF54F}.Debug|x64.Build.0 = Debug|Any CPU
		{34723FFA-7EE0-4FFB-ABE1-D9706F9FF54F}.Debug|x86.ActiveCfg = Debug|Any CPU
		{34723FFA-7EE0-4FFB-ABE1-D9706F9FF54F}.Debug|x86.Build.0 = Debug|Any CPU
		{34723FFA-7EE0-4FFB-ABE1-D9706F9FF54F}.Debug-Unchecked|Any CPU.ActiveCfg = Debug|Any CPU
		{34723FFA-7EE0-4FFB-ABE1-D9706F9FF54F}.Debug-Unchecked|Any CPU.Build.0 = Debug|Any CPU
		{34723FFA-7EE0-4FFB-ABE1-D9706F9FF54F}.Debug-Unchecked|ARM.ActiveCfg = Debug|Any CPU
		{34723FFA-7EE0-4FFB-ABE1-D9706F9FF54F}.Debug-Unchecked|ARM.Build.0 = Debug|Any CPU
		{34723FFA-7EE0-4FFB-ABE1-D9706F9FF54F}.Debug-Unchecked|x64.ActiveCfg = Debug|Any CPU
		{34723FFA-7EE0-4FFB-ABE1-D9706F9FF54F}.Debug-Unchecked|x64.Build.0 = Debug|Any CPU
		{34723FFA-7EE0-4FFB-ABE1-D9706F9FF54F}.Debug-Unchecked|x86.ActiveCfg = Debug|Any CPU
		{34723FFA-7EE0-4FFB-ABE1-D9706F9FF54F}.Debug-Unchecked|x86.Build.0 = Debug|Any CPU
		{34723FFA-7EE0-4FFB-ABE1-D9706F9FF54F}.Release|Any CPU.ActiveCfg = Release|Any CPU
		{34723FFA-7EE0-4FFB-ABE1-D9706F9FF54F}.Release|Any CPU.Build.0 = Release|Any CPU
		{34723FFA-7EE0-4FFB-ABE1-D9706F9FF54F}.Release|ARM.ActiveCfg = Release|Any CPU
		{34723FFA-7EE0-4FFB-ABE1-D9706F9FF54F}.Release|ARM.Build.0 = Release|Any CPU
		{34723FFA-7EE0-4FFB-ABE1-D9706F9FF54F}.Release|x64.ActiveCfg = Release|Any CPU
		{34723FFA-7EE0-4FFB-ABE1-D9706F9FF54F}.Release|x64.Build.0 = Release|Any CPU
		{34723FFA-7EE0-4FFB-ABE1-D9706F9FF54F}.Release|x86.ActiveCfg = Release|Any CPU
		{34723FFA-7EE0-4FFB-ABE1-D9706F9FF54F}.Release|x86.Build.0 = Release|Any CPU
	EndGlobalSection
	GlobalSection(SolutionProperties) = preSolution
		HideSolutionNode = FALSE
	EndGlobalSection
EndGlobal
