
Microsoft Visual Studio Solution File, Format Version 12.00
# Visual Studio 14
VisualStudioVersion = 14.0.25420.1
MinimumVisualStudioVersion = 10.0.40219.1
Project("{2150E333-8FDC-42A3-9474-1A3956D46DE8}") = "Solution Items", "Solution Items", "{8A3BA1CB-445F-459E-9F8C-B3936F0D045B}"
	ProjectSection(SolutionItems) = preProject
		Package.Tortuga.Anchor.msbuild = Package.Tortuga.Anchor.msbuild
		Tortuga.Anchor.nuspec = Tortuga.Anchor.nuspec
		Tortuga.Anchor.ruleset = Tortuga.Anchor.ruleset
	EndProjectSection
EndProject
Project("{2150E333-8FDC-42A3-9474-1A3956D46DE8}") = ".build", ".build", "{6DED3DBC-7D18-435D-B721-23F191E984BF}"
	ProjectSection(SolutionItems) = preProject
		Build.proj = Build.proj
		.build\MSBuild.Community.Tasks.dll = .build\MSBuild.Community.Tasks.dll
		.build\MSBuild.Community.Tasks.targets = .build\MSBuild.Community.Tasks.targets
	EndProjectSection
EndProject
Project("{2150E333-8FDC-42A3-9474-1A3956D46DE8}") = ".nuget", ".nuget", "{CF3290A0-9EC9-487E-9632-87D66685F7D7}"
	ProjectSection(SolutionItems) = preProject
		.nuget\NuGet.Config = .nuget\NuGet.Config
		.nuget\NuGet.exe = .nuget\NuGet.exe
		.nuget\NuGet.targets = .nuget\NuGet.targets
	EndProjectSection
EndProject
Project("{FAE04EC0-301F-11D3-BF4B-00C04F79EFBC}") = "Tortuga.Anchor.uap10", "Tortuga.Anchor.uap10\Tortuga.Anchor.uap10.csproj", "{78063865-2271-4829-BBC6-8DCF9F10A3FF}"
EndProject
Project("{FAE04EC0-301F-11D3-BF4B-00C04F79EFBC}") = "Tests.Tortuga.Anchor.uap10", "Tests.Tortuga.Anchor.uap10\Tests.Tortuga.Anchor.uap10.csproj", "{88645E10-3434-430C-8638-E5C4A0831FD2}"
EndProject
Project("{FAE04EC0-301F-11D3-BF4B-00C04F79EFBC}") = "Tortuga.Anchor.source", "Tortuga.Anchor.source\Tortuga.Anchor.source.csproj", "{500B9FB8-546F-4F84-95A7-02F2ACAA2FFD}"
EndProject
Project("{FAE04EC0-301F-11D3-BF4B-00C04F79EFBC}") = "Tortuga.Anchor.portable-net45+win8+wp8", "Tortuga.Anchor.portable-net45+win8+wp8\Tortuga.Anchor.portable-net45+win8+wp8.csproj", "{0F81235B-F300-4706-9E9F-FC40C52D86BA}"
EndProject
Project("{FAE04EC0-301F-11D3-BF4B-00C04F79EFBC}") = "Tests.Tortuga.Anchor.source", "Tests.Tortuga.Anchor.source\Tests.Tortuga.Anchor.source.csproj", "{ABD360C7-14A6-4880-B794-7E40E896F0C4}"
EndProject
Project("{FAE04EC0-301F-11D3-BF4B-00C04F79EFBC}") = "Tortuga.Anchor.net46", "Tortuga.Anchor.net46\Tortuga.Anchor.net46.csproj", "{D85A7865-E499-4352-9F57-F824234815DA}"
EndProject
Project("{FAE04EC0-301F-11D3-BF4B-00C04F79EFBC}") = "Tortuga.Anchor.net45", "Tortuga.Anchor.net45\Tortuga.Anchor.net45.csproj", "{F6AE5813-08F0-4A6E-B7F1-61996ACCB38C}"
EndProject
Project("{FAE04EC0-301F-11D3-BF4B-00C04F79EFBC}") = "Tests.Tortuga.Anchor.net45", "Tests.Tortuga.Anchor.net45\Tests.Tortuga.Anchor.net45.csproj", "{BBC3632A-F5FF-4E35-9579-794D1745AAE1}"
EndProject
Project("{FAE04EC0-301F-11D3-BF4B-00C04F79EFBC}") = "Tests.Tortuga.Anchor.net46", "Tests.Tortuga.Anchor.net46\Tests.Tortuga.Anchor.net46.csproj", "{29E4F691-AD40-468C-9D94-DB1C8A87933A}"
EndProject
Project("{FAE04EC0-301F-11D3-BF4B-00C04F79EFBC}") = "Documentation", "Documentation\Documentation.csproj", "{7215277E-61C3-4CE2-8711-DAFC0649B9FF}"
EndProject
Project("{8BB2217D-0F2D-49D1-97BC-3654ED321F3B}") = "Tortuga.Anchor.netstandard1.3", "Tortuga.Anchor.netstandard1.3\Tortuga.Anchor.netstandard1.3.xproj", "{EE5BC9F0-7141-49D2-95CE-81CDBCFC2885}"
EndProject
Global
	GlobalSection(SolutionConfigurationPlatforms) = preSolution
		Debug|Any CPU = Debug|Any CPU
		Debug|ARM = Debug|ARM
		Debug|x64 = Debug|x64
		Debug|x86 = Debug|x86
		Debug-Unchecked|Any CPU = Debug-Unchecked|Any CPU
		Debug-Unchecked|ARM = Debug-Unchecked|ARM
		Debug-Unchecked|x64 = Debug-Unchecked|x64
		Debug-Unchecked|x86 = Debug-Unchecked|x86
		Release|Any CPU = Release|Any CPU
		Release|ARM = Release|ARM
		Release|x64 = Release|x64
		Release|x86 = Release|x86
	EndGlobalSection
	GlobalSection(ProjectConfigurationPlatforms) = postSolution
		{78063865-2271-4829-BBC6-8DCF9F10A3FF}.Debug|Any CPU.ActiveCfg = Debug|Any CPU
		{78063865-2271-4829-BBC6-8DCF9F10A3FF}.Debug|Any CPU.Build.0 = Debug|Any CPU
		{78063865-2271-4829-BBC6-8DCF9F10A3FF}.Debug|ARM.ActiveCfg = Debug|ARM
		{78063865-2271-4829-BBC6-8DCF9F10A3FF}.Debug|ARM.Build.0 = Debug|ARM
		{78063865-2271-4829-BBC6-8DCF9F10A3FF}.Debug|x64.ActiveCfg = Debug|x64
		{78063865-2271-4829-BBC6-8DCF9F10A3FF}.Debug|x64.Build.0 = Debug|x64
		{78063865-2271-4829-BBC6-8DCF9F10A3FF}.Debug|x86.ActiveCfg = Debug|x86
		{78063865-2271-4829-BBC6-8DCF9F10A3FF}.Debug|x86.Build.0 = Debug|x86
		{78063865-2271-4829-BBC6-8DCF9F10A3FF}.Debug-Unchecked|Any CPU.ActiveCfg = Debug-Unchecked|Any CPU
		{78063865-2271-4829-BBC6-8DCF9F10A3FF}.Debug-Unchecked|Any CPU.Build.0 = Debug-Unchecked|Any CPU
		{78063865-2271-4829-BBC6-8DCF9F10A3FF}.Debug-Unchecked|ARM.ActiveCfg = Debug|ARM
		{78063865-2271-4829-BBC6-8DCF9F10A3FF}.Debug-Unchecked|ARM.Build.0 = Debug|ARM
		{78063865-2271-4829-BBC6-8DCF9F10A3FF}.Debug-Unchecked|x64.ActiveCfg = Debug|x64
		{78063865-2271-4829-BBC6-8DCF9F10A3FF}.Debug-Unchecked|x64.Build.0 = Debug|x64
		{78063865-2271-4829-BBC6-8DCF9F10A3FF}.Debug-Unchecked|x86.ActiveCfg = Debug|x86
		{78063865-2271-4829-BBC6-8DCF9F10A3FF}.Debug-Unchecked|x86.Build.0 = Debug|x86
		{78063865-2271-4829-BBC6-8DCF9F10A3FF}.Release|Any CPU.ActiveCfg = Release|Any CPU
		{78063865-2271-4829-BBC6-8DCF9F10A3FF}.Release|Any CPU.Build.0 = Release|Any CPU
		{78063865-2271-4829-BBC6-8DCF9F10A3FF}.Release|ARM.ActiveCfg = Release|ARM
		{78063865-2271-4829-BBC6-8DCF9F10A3FF}.Release|ARM.Build.0 = Release|ARM
		{78063865-2271-4829-BBC6-8DCF9F10A3FF}.Release|x64.ActiveCfg = Release|x64
		{78063865-2271-4829-BBC6-8DCF9F10A3FF}.Release|x64.Build.0 = Release|x64
		{78063865-2271-4829-BBC6-8DCF9F10A3FF}.Release|x86.ActiveCfg = Release|x86
		{78063865-2271-4829-BBC6-8DCF9F10A3FF}.Release|x86.Build.0 = Release|x86
		{88645E10-3434-430C-8638-E5C4A0831FD2}.Debug|Any CPU.ActiveCfg = Debug|x86
		{88645E10-3434-430C-8638-E5C4A0831FD2}.Debug|Any CPU.Build.0 = Debug|x86
		{88645E10-3434-430C-8638-E5C4A0831FD2}.Debug|ARM.ActiveCfg = Debug|ARM
		{88645E10-3434-430C-8638-E5C4A0831FD2}.Debug|ARM.Build.0 = Debug|ARM
		{88645E10-3434-430C-8638-E5C4A0831FD2}.Debug|ARM.Deploy.0 = Debug|ARM
		{88645E10-3434-430C-8638-E5C4A0831FD2}.Debug|x64.ActiveCfg = Debug|x64
		{88645E10-3434-430C-8638-E5C4A0831FD2}.Debug|x64.Build.0 = Debug|x64
		{88645E10-3434-430C-8638-E5C4A0831FD2}.Debug|x64.Deploy.0 = Debug|x64
		{88645E10-3434-430C-8638-E5C4A0831FD2}.Debug|x86.ActiveCfg = Debug|x86
		{88645E10-3434-430C-8638-E5C4A0831FD2}.Debug|x86.Build.0 = Debug|x86
		{88645E10-3434-430C-8638-E5C4A0831FD2}.Debug|x86.Deploy.0 = Debug|x86
		{88645E10-3434-430C-8638-E5C4A0831FD2}.Debug-Unchecked|Any CPU.ActiveCfg = Debug-Unchecked|x64
		{88645E10-3434-430C-8638-E5C4A0831FD2}.Debug-Unchecked|Any CPU.Build.0 = Debug-Unchecked|x64
		{88645E10-3434-430C-8638-E5C4A0831FD2}.Debug-Unchecked|ARM.ActiveCfg = Debug|ARM
		{88645E10-3434-430C-8638-E5C4A0831FD2}.Debug-Unchecked|ARM.Build.0 = Debug|ARM
		{88645E10-3434-430C-8638-E5C4A0831FD2}.Debug-Unchecked|ARM.Deploy.0 = Debug|ARM
		{88645E10-3434-430C-8638-E5C4A0831FD2}.Debug-Unchecked|x64.ActiveCfg = Debug|x64
		{88645E10-3434-430C-8638-E5C4A0831FD2}.Debug-Unchecked|x64.Build.0 = Debug|x64
		{88645E10-3434-430C-8638-E5C4A0831FD2}.Debug-Unchecked|x64.Deploy.0 = Debug|x64
		{88645E10-3434-430C-8638-E5C4A0831FD2}.Debug-Unchecked|x86.ActiveCfg = Debug|x86
		{88645E10-3434-430C-8638-E5C4A0831FD2}.Debug-Unchecked|x86.Build.0 = Debug|x86
		{88645E10-3434-430C-8638-E5C4A0831FD2}.Debug-Unchecked|x86.Deploy.0 = Debug|x86
		{88645E10-3434-430C-8638-E5C4A0831FD2}.Release|Any CPU.ActiveCfg = Release|x86
		{88645E10-3434-430C-8638-E5C4A0831FD2}.Release|Any CPU.Build.0 = Release|x86
		{88645E10-3434-430C-8638-E5C4A0831FD2}.Release|ARM.ActiveCfg = Release|ARM
		{88645E10-3434-430C-8638-E5C4A0831FD2}.Release|ARM.Build.0 = Release|ARM
		{88645E10-3434-430C-8638-E5C4A0831FD2}.Release|ARM.Deploy.0 = Release|ARM
		{88645E10-3434-430C-8638-E5C4A0831FD2}.Release|x64.ActiveCfg = Release|x64
		{88645E10-3434-430C-8638-E5C4A0831FD2}.Release|x64.Build.0 = Release|x64
		{88645E10-3434-430C-8638-E5C4A0831FD2}.Release|x64.Deploy.0 = Release|x64
		{88645E10-3434-430C-8638-E5C4A0831FD2}.Release|x86.ActiveCfg = Release|x86
		{88645E10-3434-430C-8638-E5C4A0831FD2}.Release|x86.Build.0 = Release|x86
		{88645E10-3434-430C-8638-E5C4A0831FD2}.Release|x86.Deploy.0 = Release|x86
		{500B9FB8-546F-4F84-95A7-02F2ACAA2FFD}.Debug|Any CPU.ActiveCfg = Debug|Any CPU
		{500B9FB8-546F-4F84-95A7-02F2ACAA2FFD}.Debug|Any CPU.Build.0 = Debug|Any CPU
		{500B9FB8-546F-4F84-95A7-02F2ACAA2FFD}.Debug|ARM.ActiveCfg = Debug|Any CPU
		{500B9FB8-546F-4F84-95A7-02F2ACAA2FFD}.Debug|ARM.Build.0 = Debug|Any CPU
		{500B9FB8-546F-4F84-95A7-02F2ACAA2FFD}.Debug|x64.ActiveCfg = Debug|Any CPU
		{500B9FB8-546F-4F84-95A7-02F2ACAA2FFD}.Debug|x64.Build.0 = Debug|Any CPU
		{500B9FB8-546F-4F84-95A7-02F2ACAA2FFD}.Debug|x86.ActiveCfg = Debug|Any CPU
		{500B9FB8-546F-4F84-95A7-02F2ACAA2FFD}.Debug|x86.Build.0 = Debug|Any CPU
		{500B9FB8-546F-4F84-95A7-02F2ACAA2FFD}.Debug-Unchecked|Any CPU.ActiveCfg = Debug-Unchecked|Any CPU
		{500B9FB8-546F-4F84-95A7-02F2ACAA2FFD}.Debug-Unchecked|Any CPU.Build.0 = Debug-Unchecked|Any CPU
		{500B9FB8-546F-4F84-95A7-02F2ACAA2FFD}.Debug-Unchecked|ARM.ActiveCfg = Debug|Any CPU
		{500B9FB8-546F-4F84-95A7-02F2ACAA2FFD}.Debug-Unchecked|ARM.Build.0 = Debug|Any CPU
		{500B9FB8-546F-4F84-95A7-02F2ACAA2FFD}.Debug-Unchecked|x64.ActiveCfg = Debug|Any CPU
		{500B9FB8-546F-4F84-95A7-02F2ACAA2FFD}.Debug-Unchecked|x64.Build.0 = Debug|Any CPU
		{500B9FB8-546F-4F84-95A7-02F2ACAA2FFD}.Debug-Unchecked|x86.ActiveCfg = Debug|Any CPU
		{500B9FB8-546F-4F84-95A7-02F2ACAA2FFD}.Debug-Unchecked|x86.Build.0 = Debug|Any CPU
		{500B9FB8-546F-4F84-95A7-02F2ACAA2FFD}.Release|Any CPU.ActiveCfg = Release|Any CPU
		{500B9FB8-546F-4F84-95A7-02F2ACAA2FFD}.Release|Any CPU.Build.0 = Release|Any CPU
		{500B9FB8-546F-4F84-95A7-02F2ACAA2FFD}.Release|ARM.ActiveCfg = Release|Any CPU
		{500B9FB8-546F-4F84-95A7-02F2ACAA2FFD}.Release|ARM.Build.0 = Release|Any CPU
		{500B9FB8-546F-4F84-95A7-02F2ACAA2FFD}.Release|x64.ActiveCfg = Release|Any CPU
		{500B9FB8-546F-4F84-95A7-02F2ACAA2FFD}.Release|x64.Build.0 = Release|Any CPU
		{500B9FB8-546F-4F84-95A7-02F2ACAA2FFD}.Release|x86.ActiveCfg = Release|Any CPU
		{500B9FB8-546F-4F84-95A7-02F2ACAA2FFD}.Release|x86.Build.0 = Release|Any CPU
		{0F81235B-F300-4706-9E9F-FC40C52D86BA}.Debug|Any CPU.ActiveCfg = Debug|Any CPU
		{0F81235B-F300-4706-9E9F-FC40C52D86BA}.Debug|Any CPU.Build.0 = Debug|Any CPU
		{0F81235B-F300-4706-9E9F-FC40C52D86BA}.Debug|ARM.ActiveCfg = Debug|Any CPU
		{0F81235B-F300-4706-9E9F-FC40C52D86BA}.Debug|ARM.Build.0 = Debug|Any CPU
		{0F81235B-F300-4706-9E9F-FC40C52D86BA}.Debug|x64.ActiveCfg = Debug|Any CPU
		{0F81235B-F300-4706-9E9F-FC40C52D86BA}.Debug|x64.Build.0 = Debug|Any CPU
		{0F81235B-F300-4706-9E9F-FC40C52D86BA}.Debug|x86.ActiveCfg = Debug|Any CPU
		{0F81235B-F300-4706-9E9F-FC40C52D86BA}.Debug|x86.Build.0 = Debug|Any CPU
		{0F81235B-F300-4706-9E9F-FC40C52D86BA}.Debug-Unchecked|Any CPU.ActiveCfg = Debug-Unchecked|Any CPU
		{0F81235B-F300-4706-9E9F-FC40C52D86BA}.Debug-Unchecked|Any CPU.Build.0 = Debug-Unchecked|Any CPU
		{0F81235B-F300-4706-9E9F-FC40C52D86BA}.Debug-Unchecked|ARM.ActiveCfg = Debug-Unchecked|Any CPU
		{0F81235B-F300-4706-9E9F-FC40C52D86BA}.Debug-Unchecked|ARM.Build.0 = Debug-Unchecked|Any CPU
		{0F81235B-F300-4706-9E9F-FC40C52D86BA}.Debug-Unchecked|x64.ActiveCfg = Debug-Unchecked|Any CPU
		{0F81235B-F300-4706-9E9F-FC40C52D86BA}.Debug-Unchecked|x64.Build.0 = Debug-Unchecked|Any CPU
		{0F81235B-F300-4706-9E9F-FC40C52D86BA}.Debug-Unchecked|x86.ActiveCfg = Debug-Unchecked|Any CPU
		{0F81235B-F300-4706-9E9F-FC40C52D86BA}.Debug-Unchecked|x86.Build.0 = Debug-Unchecked|Any CPU
		{0F81235B-F300-4706-9E9F-FC40C52D86BA}.Release|Any CPU.ActiveCfg = Release|Any CPU
		{0F81235B-F300-4706-9E9F-FC40C52D86BA}.Release|Any CPU.Build.0 = Release|Any CPU
		{0F81235B-F300-4706-9E9F-FC40C52D86BA}.Release|ARM.ActiveCfg = Release|Any CPU
		{0F81235B-F300-4706-9E9F-FC40C52D86BA}.Release|ARM.Build.0 = Release|Any CPU
		{0F81235B-F300-4706-9E9F-FC40C52D86BA}.Release|x64.ActiveCfg = Release|Any CPU
		{0F81235B-F300-4706-9E9F-FC40C52D86BA}.Release|x64.Build.0 = Release|Any CPU
		{0F81235B-F300-4706-9E9F-FC40C52D86BA}.Release|x86.ActiveCfg = Release|Any CPU
		{0F81235B-F300-4706-9E9F-FC40C52D86BA}.Release|x86.Build.0 = Release|Any CPU
		{ABD360C7-14A6-4880-B794-7E40E896F0C4}.Debug|Any CPU.ActiveCfg = Debug|Any CPU
		{ABD360C7-14A6-4880-B794-7E40E896F0C4}.Debug|Any CPU.Build.0 = Debug|Any CPU
		{ABD360C7-14A6-4880-B794-7E40E896F0C4}.Debug|ARM.ActiveCfg = Debug|Any CPU
		{ABD360C7-14A6-4880-B794-7E40E896F0C4}.Debug|ARM.Build.0 = Debug|Any CPU
		{ABD360C7-14A6-4880-B794-7E40E896F0C4}.Debug|x64.ActiveCfg = Debug|Any CPU
		{ABD360C7-14A6-4880-B794-7E40E896F0C4}.Debug|x64.Build.0 = Debug|Any CPU
		{ABD360C7-14A6-4880-B794-7E40E896F0C4}.Debug|x86.ActiveCfg = Debug|Any CPU
		{ABD360C7-14A6-4880-B794-7E40E896F0C4}.Debug|x86.Build.0 = Debug|Any CPU
		{ABD360C7-14A6-4880-B794-7E40E896F0C4}.Debug-Unchecked|Any CPU.ActiveCfg = Debug-Unchecked|Any CPU
		{ABD360C7-14A6-4880-B794-7E40E896F0C4}.Debug-Unchecked|Any CPU.Build.0 = Debug-Unchecked|Any CPU
		{ABD360C7-14A6-4880-B794-7E40E896F0C4}.Debug-Unchecked|ARM.ActiveCfg = Debug-Unchecked|Any CPU
		{ABD360C7-14A6-4880-B794-7E40E896F0C4}.Debug-Unchecked|ARM.Build.0 = Debug-Unchecked|Any CPU
		{ABD360C7-14A6-4880-B794-7E40E896F0C4}.Debug-Unchecked|x64.ActiveCfg = Debug-Unchecked|Any CPU
		{ABD360C7-14A6-4880-B794-7E40E896F0C4}.Debug-Unchecked|x64.Build.0 = Debug-Unchecked|Any CPU
		{ABD360C7-14A6-4880-B794-7E40E896F0C4}.Debug-Unchecked|x86.ActiveCfg = Debug-Unchecked|Any CPU
		{ABD360C7-14A6-4880-B794-7E40E896F0C4}.Debug-Unchecked|x86.Build.0 = Debug-Unchecked|Any CPU
		{ABD360C7-14A6-4880-B794-7E40E896F0C4}.Release|Any CPU.ActiveCfg = Release|Any CPU
		{ABD360C7-14A6-4880-B794-7E40E896F0C4}.Release|Any CPU.Build.0 = Release|Any CPU
		{ABD360C7-14A6-4880-B794-7E40E896F0C4}.Release|ARM.ActiveCfg = Release|Any CPU
		{ABD360C7-14A6-4880-B794-7E40E896F0C4}.Release|ARM.Build.0 = Release|Any CPU
		{ABD360C7-14A6-4880-B794-7E40E896F0C4}.Release|x64.ActiveCfg = Release|Any CPU
		{ABD360C7-14A6-4880-B794-7E40E896F0C4}.Release|x64.Build.0 = Release|Any CPU
		{ABD360C7-14A6-4880-B794-7E40E896F0C4}.Release|x86.ActiveCfg = Release|Any CPU
		{ABD360C7-14A6-4880-B794-7E40E896F0C4}.Release|x86.Build.0 = Release|Any CPU
		{D85A7865-E499-4352-9F57-F824234815DA}.Debug|Any CPU.ActiveCfg = Debug|Any CPU
		{D85A7865-E499-4352-9F57-F824234815DA}.Debug|Any CPU.Build.0 = Debug|Any CPU
		{D85A7865-E499-4352-9F57-F824234815DA}.Debug|ARM.ActiveCfg = Debug|Any CPU
		{D85A7865-E499-4352-9F57-F824234815DA}.Debug|ARM.Build.0 = Debug|Any CPU
		{D85A7865-E499-4352-9F57-F824234815DA}.Debug|x64.ActiveCfg = Debug|Any CPU
		{D85A7865-E499-4352-9F57-F824234815DA}.Debug|x64.Build.0 = Debug|Any CPU
		{D85A7865-E499-4352-9F57-F824234815DA}.Debug|x86.ActiveCfg = Debug|Any CPU
		{D85A7865-E499-4352-9F57-F824234815DA}.Debug|x86.Build.0 = Debug|Any CPU
		{D85A7865-E499-4352-9F57-F824234815DA}.Debug-Unchecked|Any CPU.ActiveCfg = Debug-Unchecked|Any CPU
		{D85A7865-E499-4352-9F57-F824234815DA}.Debug-Unchecked|Any CPU.Build.0 = Debug-Unchecked|Any CPU
		{D85A7865-E499-4352-9F57-F824234815DA}.Debug-Unchecked|ARM.ActiveCfg = Debug-Unchecked|Any CPU
		{D85A7865-E499-4352-9F57-F824234815DA}.Debug-Unchecked|ARM.Build.0 = Debug-Unchecked|Any CPU
		{D85A7865-E499-4352-9F57-F824234815DA}.Debug-Unchecked|x64.ActiveCfg = Debug-Unchecked|Any CPU
		{D85A7865-E499-4352-9F57-F824234815DA}.Debug-Unchecked|x64.Build.0 = Debug-Unchecked|Any CPU
		{D85A7865-E499-4352-9F57-F824234815DA}.Debug-Unchecked|x86.ActiveCfg = Debug-Unchecked|Any CPU
		{D85A7865-E499-4352-9F57-F824234815DA}.Debug-Unchecked|x86.Build.0 = Debug-Unchecked|Any CPU
		{D85A7865-E499-4352-9F57-F824234815DA}.Release|Any CPU.ActiveCfg = Release|Any CPU
		{D85A7865-E499-4352-9F57-F824234815DA}.Release|Any CPU.Build.0 = Release|Any CPU
		{D85A7865-E499-4352-9F57-F824234815DA}.Release|ARM.ActiveCfg = Release|Any CPU
		{D85A7865-E499-4352-9F57-F824234815DA}.Release|ARM.Build.0 = Release|Any CPU
		{D85A7865-E499-4352-9F57-F824234815DA}.Release|x64.ActiveCfg = Release|Any CPU
		{D85A7865-E499-4352-9F57-F824234815DA}.Release|x64.Build.0 = Release|Any CPU
		{D85A7865-E499-4352-9F57-F824234815DA}.Release|x86.ActiveCfg = Release|Any CPU
		{D85A7865-E499-4352-9F57-F824234815DA}.Release|x86.Build.0 = Release|Any CPU
		{F6AE5813-08F0-4A6E-B7F1-61996ACCB38C}.Debug|Any CPU.ActiveCfg = Debug|Any CPU
		{F6AE5813-08F0-4A6E-B7F1-61996ACCB38C}.Debug|Any CPU.Build.0 = Debug|Any CPU
		{F6AE5813-08F0-4A6E-B7F1-61996ACCB38C}.Debug|ARM.ActiveCfg = Debug|Any CPU
		{F6AE5813-08F0-4A6E-B7F1-61996ACCB38C}.Debug|ARM.Build.0 = Debug|Any CPU
		{F6AE5813-08F0-4A6E-B7F1-61996ACCB38C}.Debug|x64.ActiveCfg = Debug|Any CPU
		{F6AE5813-08F0-4A6E-B7F1-61996ACCB38C}.Debug|x64.Build.0 = Debug|Any CPU
		{F6AE5813-08F0-4A6E-B7F1-61996ACCB38C}.Debug|x86.ActiveCfg = Debug|Any CPU
		{F6AE5813-08F0-4A6E-B7F1-61996ACCB38C}.Debug|x86.Build.0 = Debug|Any CPU
		{F6AE5813-08F0-4A6E-B7F1-61996ACCB38C}.Debug-Unchecked|Any CPU.ActiveCfg = Debug-Unchecked|Any CPU
		{F6AE5813-08F0-4A6E-B7F1-61996ACCB38C}.Debug-Unchecked|Any CPU.Build.0 = Debug-Unchecked|Any CPU
		{F6AE5813-08F0-4A6E-B7F1-61996ACCB38C}.Debug-Unchecked|ARM.ActiveCfg = Debug|Any CPU
		{F6AE5813-08F0-4A6E-B7F1-61996ACCB38C}.Debug-Unchecked|ARM.Build.0 = Debug|Any CPU
		{F6AE5813-08F0-4A6E-B7F1-61996ACCB38C}.Debug-Unchecked|x64.ActiveCfg = Debug|Any CPU
		{F6AE5813-08F0-4A6E-B7F1-61996ACCB38C}.Debug-Unchecked|x64.Build.0 = Debug|Any CPU
		{F6AE5813-08F0-4A6E-B7F1-61996ACCB38C}.Debug-Unchecked|x86.ActiveCfg = Debug|Any CPU
		{F6AE5813-08F0-4A6E-B7F1-61996ACCB38C}.Debug-Unchecked|x86.Build.0 = Debug|Any CPU
		{F6AE5813-08F0-4A6E-B7F1-61996ACCB38C}.Release|Any CPU.ActiveCfg = Release|Any CPU
		{F6AE5813-08F0-4A6E-B7F1-61996ACCB38C}.Release|Any CPU.Build.0 = Release|Any CPU
		{F6AE5813-08F0-4A6E-B7F1-61996ACCB38C}.Release|ARM.ActiveCfg = Release|Any CPU
		{F6AE5813-08F0-4A6E-B7F1-61996ACCB38C}.Release|ARM.Build.0 = Release|Any CPU
		{F6AE5813-08F0-4A6E-B7F1-61996ACCB38C}.Release|x64.ActiveCfg = Release|Any CPU
		{F6AE5813-08F0-4A6E-B7F1-61996ACCB38C}.Release|x64.Build.0 = Release|Any CPU
		{F6AE5813-08F0-4A6E-B7F1-61996ACCB38C}.Release|x86.ActiveCfg = Release|Any CPU
		{F6AE5813-08F0-4A6E-B7F1-61996ACCB38C}.Release|x86.Build.0 = Release|Any CPU
		{BBC3632A-F5FF-4E35-9579-794D1745AAE1}.Debug|Any CPU.ActiveCfg = Debug|Any CPU
		{BBC3632A-F5FF-4E35-9579-794D1745AAE1}.Debug|Any CPU.Build.0 = Debug|Any CPU
		{BBC3632A-F5FF-4E35-9579-794D1745AAE1}.Debug|ARM.ActiveCfg = Debug|Any CPU
		{BBC3632A-F5FF-4E35-9579-794D1745AAE1}.Debug|ARM.Build.0 = Debug|Any CPU
		{BBC3632A-F5FF-4E35-9579-794D1745AAE1}.Debug|x64.ActiveCfg = Debug|Any CPU
		{BBC3632A-F5FF-4E35-9579-794D1745AAE1}.Debug|x64.Build.0 = Debug|Any CPU
		{BBC3632A-F5FF-4E35-9579-794D1745AAE1}.Debug|x86.ActiveCfg = Debug|Any CPU
		{BBC3632A-F5FF-4E35-9579-794D1745AAE1}.Debug|x86.Build.0 = Debug|Any CPU
		{BBC3632A-F5FF-4E35-9579-794D1745AAE1}.Debug-Unchecked|Any CPU.ActiveCfg = Debug-Unchecked|Any CPU
		{BBC3632A-F5FF-4E35-9579-794D1745AAE1}.Debug-Unchecked|Any CPU.Build.0 = Debug-Unchecked|Any CPU
		{BBC3632A-F5FF-4E35-9579-794D1745AAE1}.Debug-Unchecked|ARM.ActiveCfg = Debug|Any CPU
		{BBC3632A-F5FF-4E35-9579-794D1745AAE1}.Debug-Unchecked|ARM.Build.0 = Debug|Any CPU
		{BBC3632A-F5FF-4E35-9579-794D1745AAE1}.Debug-Unchecked|x64.ActiveCfg = Debug|Any CPU
		{BBC3632A-F5FF-4E35-9579-794D1745AAE1}.Debug-Unchecked|x64.Build.0 = Debug|Any CPU
		{BBC3632A-F5FF-4E35-9579-794D1745AAE1}.Debug-Unchecked|x86.ActiveCfg = Debug|Any CPU
		{BBC3632A-F5FF-4E35-9579-794D1745AAE1}.Debug-Unchecked|x86.Build.0 = Debug|Any CPU
		{BBC3632A-F5FF-4E35-9579-794D1745AAE1}.Release|Any CPU.ActiveCfg = Release|Any CPU
		{BBC3632A-F5FF-4E35-9579-794D1745AAE1}.Release|Any CPU.Build.0 = Release|Any CPU
		{BBC3632A-F5FF-4E35-9579-794D1745AAE1}.Release|ARM.ActiveCfg = Release|Any CPU
		{BBC3632A-F5FF-4E35-9579-794D1745AAE1}.Release|ARM.Build.0 = Release|Any CPU
		{BBC3632A-F5FF-4E35-9579-794D1745AAE1}.Release|x64.ActiveCfg = Release|Any CPU
		{BBC3632A-F5FF-4E35-9579-794D1745AAE1}.Release|x64.Build.0 = Release|Any CPU
		{BBC3632A-F5FF-4E35-9579-794D1745AAE1}.Release|x86.ActiveCfg = Release|Any CPU
		{BBC3632A-F5FF-4E35-9579-794D1745AAE1}.Release|x86.Build.0 = Release|Any CPU
		{29E4F691-AD40-468C-9D94-DB1C8A87933A}.Debug|Any CPU.ActiveCfg = Debug|Any CPU
		{29E4F691-AD40-468C-9D94-DB1C8A87933A}.Debug|Any CPU.Build.0 = Debug|Any CPU
		{29E4F691-AD40-468C-9D94-DB1C8A87933A}.Debug|ARM.ActiveCfg = Debug|Any CPU
		{29E4F691-AD40-468C-9D94-DB1C8A87933A}.Debug|ARM.Build.0 = Debug|Any CPU
		{29E4F691-AD40-468C-9D94-DB1C8A87933A}.Debug|x64.ActiveCfg = Debug|Any CPU
		{29E4F691-AD40-468C-9D94-DB1C8A87933A}.Debug|x64.Build.0 = Debug|Any CPU
		{29E4F691-AD40-468C-9D94-DB1C8A87933A}.Debug|x86.ActiveCfg = Debug|Any CPU
		{29E4F691-AD40-468C-9D94-DB1C8A87933A}.Debug|x86.Build.0 = Debug|Any CPU
		{29E4F691-AD40-468C-9D94-DB1C8A87933A}.Debug-Unchecked|Any CPU.ActiveCfg = Debug-Unchecked|Any CPU
		{29E4F691-AD40-468C-9D94-DB1C8A87933A}.Debug-Unchecked|Any CPU.Build.0 = Debug-Unchecked|Any CPU
		{29E4F691-AD40-468C-9D94-DB1C8A87933A}.Debug-Unchecked|ARM.ActiveCfg = Debug|Any CPU
		{29E4F691-AD40-468C-9D94-DB1C8A87933A}.Debug-Unchecked|ARM.Build.0 = Debug|Any CPU
		{29E4F691-AD40-468C-9D94-DB1C8A87933A}.Debug-Unchecked|x64.ActiveCfg = Debug|Any CPU
		{29E4F691-AD40-468C-9D94-DB1C8A87933A}.Debug-Unchecked|x64.Build.0 = Debug|Any CPU
		{29E4F691-AD40-468C-9D94-DB1C8A87933A}.Debug-Unchecked|x86.ActiveCfg = Debug|Any CPU
		{29E4F691-AD40-468C-9D94-DB1C8A87933A}.Debug-Unchecked|x86.Build.0 = Debug|Any CPU
		{29E4F691-AD40-468C-9D94-DB1C8A87933A}.Release|Any CPU.ActiveCfg = Release|Any CPU
		{29E4F691-AD40-468C-9D94-DB1C8A87933A}.Release|Any CPU.Build.0 = Release|Any CPU
		{29E4F691-AD40-468C-9D94-DB1C8A87933A}.Release|ARM.ActiveCfg = Release|Any CPU
		{29E4F691-AD40-468C-9D94-DB1C8A87933A}.Release|ARM.Build.0 = Release|Any CPU
		{29E4F691-AD40-468C-9D94-DB1C8A87933A}.Release|x64.ActiveCfg = Release|Any CPU
		{29E4F691-AD40-468C-9D94-DB1C8A87933A}.Release|x64.Build.0 = Release|Any CPU
		{29E4F691-AD40-468C-9D94-DB1C8A87933A}.Release|x86.ActiveCfg = Release|Any CPU
		{29E4F691-AD40-468C-9D94-DB1C8A87933A}.Release|x86.Build.0 = Release|Any CPU
		{7215277E-61C3-4CE2-8711-DAFC0649B9FF}.Debug|Any CPU.ActiveCfg = Debug|Any CPU
		{7215277E-61C3-4CE2-8711-DAFC0649B9FF}.Debug|Any CPU.Build.0 = Debug|Any CPU
		{7215277E-61C3-4CE2-8711-DAFC0649B9FF}.Debug|ARM.ActiveCfg = Debug|Any CPU
		{7215277E-61C3-4CE2-8711-DAFC0649B9FF}.Debug|ARM.Build.0 = Debug|Any CPU
		{7215277E-61C3-4CE2-8711-DAFC0649B9FF}.Debug|x64.ActiveCfg = Debug|Any CPU
		{7215277E-61C3-4CE2-8711-DAFC0649B9FF}.Debug|x64.Build.0 = Debug|Any CPU
		{7215277E-61C3-4CE2-8711-DAFC0649B9FF}.Debug|x86.ActiveCfg = Debug|Any CPU
		{7215277E-61C3-4CE2-8711-DAFC0649B9FF}.Debug|x86.Build.0 = Debug|Any CPU
		{7215277E-61C3-4CE2-8711-DAFC0649B9FF}.Debug-Unchecked|Any CPU.ActiveCfg = Debug|Any CPU
		{7215277E-61C3-4CE2-8711-DAFC0649B9FF}.Debug-Unchecked|Any CPU.Build.0 = Debug|Any CPU
		{7215277E-61C3-4CE2-8711-DAFC0649B9FF}.Debug-Unchecked|ARM.ActiveCfg = Debug|Any CPU
		{7215277E-61C3-4CE2-8711-DAFC0649B9FF}.Debug-Unchecked|ARM.Build.0 = Debug|Any CPU
		{7215277E-61C3-4CE2-8711-DAFC0649B9FF}.Debug-Unchecked|x64.ActiveCfg = Debug|Any CPU
		{7215277E-61C3-4CE2-8711-DAFC0649B9FF}.Debug-Unchecked|x64.Build.0 = Debug|Any CPU
		{7215277E-61C3-4CE2-8711-DAFC0649B9FF}.Debug-Unchecked|x86.ActiveCfg = Debug|Any CPU
		{7215277E-61C3-4CE2-8711-DAFC0649B9FF}.Debug-Unchecked|x86.Build.0 = Debug|Any CPU
		{7215277E-61C3-4CE2-8711-DAFC0649B9FF}.Release|Any CPU.ActiveCfg = Release|Any CPU
		{7215277E-61C3-4CE2-8711-DAFC0649B9FF}.Release|Any CPU.Build.0 = Release|Any CPU
		{7215277E-61C3-4CE2-8711-DAFC0649B9FF}.Release|ARM.ActiveCfg = Release|Any CPU
		{7215277E-61C3-4CE2-8711-DAFC0649B9FF}.Release|ARM.Build.0 = Release|Any CPU
		{7215277E-61C3-4CE2-8711-DAFC0649B9FF}.Release|x64.ActiveCfg = Release|Any CPU
		{7215277E-61C3-4CE2-8711-DAFC0649B9FF}.Release|x64.Build.0 = Release|Any CPU
		{7215277E-61C3-4CE2-8711-DAFC0649B9FF}.Release|x86.ActiveCfg = Release|Any CPU
		{7215277E-61C3-4CE2-8711-DAFC0649B9FF}.Release|x86.Build.0 = Release|Any CPU
		{EE5BC9F0-7141-49D2-95CE-81CDBCFC2885}.Debug|Any CPU.ActiveCfg = Debug|Any CPU
		{EE5BC9F0-7141-49D2-95CE-81CDBCFC2885}.Debug|Any CPU.Build.0 = Debug|Any CPU
		{EE5BC9F0-7141-49D2-95CE-81CDBCFC2885}.Debug|ARM.ActiveCfg = Debug|Any CPU
		{EE5BC9F0-7141-49D2-95CE-81CDBCFC2885}.Debug|ARM.Build.0 = Debug|Any CPU
		{EE5BC9F0-7141-49D2-95CE-81CDBCFC2885}.Debug|x64.ActiveCfg = Debug|Any CPU
		{EE5BC9F0-7141-49D2-95CE-81CDBCFC2885}.Debug|x64.Build.0 = Debug|Any CPU
		{EE5BC9F0-7141-49D2-95CE-81CDBCFC2885}.Debug|x86.ActiveCfg = Debug|Any CPU
		{EE5BC9F0-7141-49D2-95CE-81CDBCFC2885}.Debug|x86.Build.0 = Debug|Any CPU
		{EE5BC9F0-7141-49D2-95CE-81CDBCFC2885}.Debug-Unchecked|Any CPU.ActiveCfg = Debug|Any CPU
		{EE5BC9F0-7141-49D2-95CE-81CDBCFC2885}.Debug-Unchecked|Any CPU.Build.0 = Debug|Any CPU
		{EE5BC9F0-7141-49D2-95CE-81CDBCFC2885}.Debug-Unchecked|ARM.ActiveCfg = Debug|Any CPU
		{EE5BC9F0-7141-49D2-95CE-81CDBCFC2885}.Debug-Unchecked|ARM.Build.0 = Debug|Any CPU
		{EE5BC9F0-7141-49D2-95CE-81CDBCFC2885}.Debug-Unchecked|x64.ActiveCfg = Debug|Any CPU
		{EE5BC9F0-7141-49D2-95CE-81CDBCFC2885}.Debug-Unchecked|x64.Build.0 = Debug|Any CPU
		{EE5BC9F0-7141-49D2-95CE-81CDBCFC2885}.Debug-Unchecked|x86.ActiveCfg = Debug|Any CPU
		{EE5BC9F0-7141-49D2-95CE-81CDBCFC2885}.Debug-Unchecked|x86.Build.0 = Debug|Any CPU
		{EE5BC9F0-7141-49D2-95CE-81CDBCFC2885}.Release|Any CPU.ActiveCfg = Release|Any CPU
		{EE5BC9F0-7141-49D2-95CE-81CDBCFC2885}.Release|Any CPU.Build.0 = Release|Any CPU
		{EE5BC9F0-7141-49D2-95CE-81CDBCFC2885}.Release|ARM.ActiveCfg = Release|Any CPU
		{EE5BC9F0-7141-49D2-95CE-81CDBCFC2885}.Release|ARM.Build.0 = Release|Any CPU
		{EE5BC9F0-7141-49D2-95CE-81CDBCFC2885}.Release|x64.ActiveCfg = Release|Any CPU
		{EE5BC9F0-7141-49D2-95CE-81CDBCFC2885}.Release|x64.Build.0 = Release|Any CPU
		{EE5BC9F0-7141-49D2-95CE-81CDBCFC2885}.Release|x86.ActiveCfg = Release|Any CPU
		{EE5BC9F0-7141-49D2-95CE-81CDBCFC2885}.Release|x86.Build.0 = Release|Any CPU
	EndGlobalSection
	GlobalSection(SolutionProperties) = preSolution
		HideSolutionNode = FALSE
	EndGlobalSection
EndGlobal
